{
  "pins" : [
    {
      "identity" : "preludepackage",
      "kind" : "remoteSourceControl",
      "location" : "https://github.com/Fiser12/PreludePackage",
      "state" : {
        "revision" : "6e828fcc9173f6d61ec69c9a36575041ea8f62ac",
        "version" : "0.0.3"
      }
    },
    {
      "identity" : "synctioncore",
      "kind" : "remoteSourceControl",
      "location" : "https://github.com/Fiser12/SyncTionCore",
      "state" : {
        "revision" : "c3f14cd545d535227144ddc60c56de0907e2fcc1",
        "version" : "0.1.0"
      }
    }
  ],
  "version" : 2
}
