{
  "pins" : [
    {
      "identity" : "preludepackage",
      "kind" : "remoteSourceControl",
      "location" : "https://github.com/Fiser12/PreludePackage",
      "state" : {
        "revision" : "6e828fcc9173f6d61ec69c9a36575041ea8f62ac",
        "version" : "0.0.3"
      }
    },
    {
      "identity" : "synctioncore",
      "kind" : "remoteSourceControl",
      "location" : "https://github.com/Fiser12/SyncTionCore",
      "state" : {
        "revision" : "9beb9620fbee420d8bd8f45961ee9db8f45c9dc1",
        "version" : "0.1.5"
      }
    }
  ],
  "version" : 2
}
